
Microsoft Visual Studio Solution File, Format Version 12.00
# Visual Studio Version 17
VisualStudioVersion = 17.4.33213.308
MinimumVisualStudioVersion = 10.0.40219.1
Project("{9A19103F-16F7-4668-BE54-9A1E7A4F7556}") = "PracticeControl.WpfClient", "PracticeControl.WpfClient\PracticeControl.WpfClient.csproj", "{BD0F22F7-8F07-4399-9150-2F7590D12DEF}"
EndProject
Project("{9A19103F-16F7-4668-BE54-9A1E7A4F7556}") = "PracticeControl.WebAPI", "..\Server\PracticeControl.WebAPI\PracticeControl.WebAPI.csproj", "{DE97125D-AB50-4B5F-A6FA-F87043570BE5}"
EndProject
Project("{FAE04EC0-301F-11D3-BF4B-00C04F79EFBC}") = "PracticeControl.XamarinClient.Android", "PracticeControl.XamarinClient\PracticeControl.XamarinClient.Android\PracticeControl.XamarinClient.Android.csproj", "{56A3992C-F3B7-4183-8EF9-5085363BA774}"
EndProject
Project("{FAE04EC0-301F-11D3-BF4B-00C04F79EFBC}") = "PracticeControl.XamarinClient.iOS", "PracticeControl.XamarinClient\PracticeControl.XamarinClient.iOS\PracticeControl.XamarinClient.iOS.csproj", "{2B06F479-90E1-4543-9696-47D75B1DFB4B}"
EndProject
Project("{FAE04EC0-301F-11D3-BF4B-00C04F79EFBC}") = "PracticeControl.XamarinClient", "PracticeControl.XamarinClient\PracticeControl.XamarinClient\PracticeControl.XamarinClient.csproj", "{481B8BA0-42C4-4165-8087-839F7A24FF3E}"
EndProject
Global
	GlobalSection(SolutionConfigurationPlatforms) = preSolution
		Debug|Any CPU = Debug|Any CPU
		Debug|iPhone = Debug|iPhone
		Debug|iPhoneSimulator = Debug|iPhoneSimulator
		Release|Any CPU = Release|Any CPU
		Release|iPhone = Release|iPhone
		Release|iPhoneSimulator = Release|iPhoneSimulator
	EndGlobalSection
	GlobalSection(ProjectConfigurationPlatforms) = postSolution
		{BD0F22F7-8F07-4399-9150-2F7590D12DEF}.Debug|Any CPU.ActiveCfg = Debug|Any CPU
		{BD0F22F7-8F07-4399-9150-2F7590D12DEF}.Debug|Any CPU.Build.0 = Debug|Any CPU
		{BD0F22F7-8F07-4399-9150-2F7590D12DEF}.Debug|iPhone.ActiveCfg = Debug|Any CPU
		{BD0F22F7-8F07-4399-9150-2F7590D12DEF}.Debug|iPhone.Build.0 = Debug|Any CPU
		{BD0F22F7-8F07-4399-9150-2F7590D12DEF}.Debug|iPhoneSimulator.ActiveCfg = Debug|Any CPU
		{BD0F22F7-8F07-4399-9150-2F7590D12DEF}.Debug|iPhoneSimulator.Build.0 = Debug|Any CPU
		{BD0F22F7-8F07-4399-9150-2F7590D12DEF}.Release|Any CPU.ActiveCfg = Release|Any CPU
		{BD0F22F7-8F07-4399-9150-2F7590D12DEF}.Release|Any CPU.Build.0 = Release|Any CPU
		{BD0F22F7-8F07-4399-9150-2F7590D12DEF}.Release|iPhone.ActiveCfg = Release|Any CPU
		{BD0F22F7-8F07-4399-9150-2F7590D12DEF}.Release|iPhone.Build.0 = Release|Any CPU
		{BD0F22F7-8F07-4399-9150-2F7590D12DEF}.Release|iPhoneSimulator.ActiveCfg = Release|Any CPU
		{BD0F22F7-8F07-4399-9150-2F7590D12DEF}.Release|iPhoneSimulator.Build.0 = Release|Any CPU
		{DE97125D-AB50-4B5F-A6FA-F87043570BE5}.Debug|Any CPU.ActiveCfg = Debug|Any CPU
		{DE97125D-AB50-4B5F-A6FA-F87043570BE5}.Debug|Any CPU.Build.0 = Debug|Any CPU
		{DE97125D-AB50-4B5F-A6FA-F87043570BE5}.Debug|iPhone.ActiveCfg = Debug|Any CPU
		{DE97125D-AB50-4B5F-A6FA-F87043570BE5}.Debug|iPhone.Build.0 = Debug|Any CPU
		{DE97125D-AB50-4B5F-A6FA-F87043570BE5}.Debug|iPhoneSimulator.ActiveCfg = Debug|Any CPU
		{DE97125D-AB50-4B5F-A6FA-F87043570BE5}.Debug|iPhoneSimulator.Build.0 = Debug|Any CPU
		{DE97125D-AB50-4B5F-A6FA-F87043570BE5}.Release|Any CPU.ActiveCfg = Release|Any CPU
		{DE97125D-AB50-4B5F-A6FA-F87043570BE5}.Release|Any CPU.Build.0 = Release|Any CPU
		{DE97125D-AB50-4B5F-A6FA-F87043570BE5}.Release|iPhone.ActiveCfg = Release|Any CPU
		{DE97125D-AB50-4B5F-A6FA-F87043570BE5}.Release|iPhone.Build.0 = Release|Any CPU
		{DE97125D-AB50-4B5F-A6FA-F87043570BE5}.Release|iPhoneSimulator.ActiveCfg = Release|Any CPU
		{DE97125D-AB50-4B5F-A6FA-F87043570BE5}.Release|iPhoneSimulator.Build.0 = Release|Any CPU
		{56A3992C-F3B7-4183-8EF9-5085363BA774}.Debug|Any CPU.ActiveCfg = Debug|Any CPU
		{56A3992C-F3B7-4183-8EF9-5085363BA774}.Debug|Any CPU.Build.0 = Debug|Any CPU
		{56A3992C-F3B7-4183-8EF9-5085363BA774}.Debug|Any CPU.Deploy.0 = Debug|Any CPU
		{56A3992C-F3B7-4183-8EF9-5085363BA774}.Debug|iPhone.ActiveCfg = Debug|Any CPU
		{56A3992C-F3B7-4183-8EF9-5085363BA774}.Debug|iPhone.Build.0 = Debug|Any CPU
		{56A3992C-F3B7-4183-8EF9-5085363BA774}.Debug|iPhone.Deploy.0 = Debug|Any CPU
		{56A3992C-F3B7-4183-8EF9-5085363BA774}.Debug|iPhoneSimulator.ActiveCfg = Debug|Any CPU
		{56A3992C-F3B7-4183-8EF9-5085363BA774}.Debug|iPhoneSimulator.Build.0 = Debug|Any CPU
		{56A3992C-F3B7-4183-8EF9-5085363BA774}.Debug|iPhoneSimulator.Deploy.0 = Debug|Any CPU
		{56A3992C-F3B7-4183-8EF9-5085363BA774}.Release|Any CPU.ActiveCfg = Release|Any CPU
		{56A3992C-F3B7-4183-8EF9-5085363BA774}.Release|Any CPU.Build.0 = Release|Any CPU
		{56A3992C-F3B7-4183-8EF9-5085363BA774}.Release|Any CPU.Deploy.0 = Release|Any CPU
		{56A3992C-F3B7-4183-8EF9-5085363BA774}.Release|iPhone.ActiveCfg = Release|Any CPU
		{56A3992C-F3B7-4183-8EF9-5085363BA774}.Release|iPhone.Build.0 = Release|Any CPU
		{56A3992C-F3B7-4183-8EF9-5085363BA774}.Release|iPhone.Deploy.0 = Release|Any CPU
		{56A3992C-F3B7-4183-8EF9-5085363BA774}.Release|iPhoneSimulator.ActiveCfg = Release|Any CPU
		{56A3992C-F3B7-4183-8EF9-5085363BA774}.Release|iPhoneSimulator.Build.0 = Release|Any CPU
		{56A3992C-F3B7-4183-8EF9-5085363BA774}.Release|iPhoneSimulator.Deploy.0 = Release|Any CPU
		{2B06F479-90E1-4543-9696-47D75B1DFB4B}.Debug|Any CPU.ActiveCfg = Debug|iPhoneSimulator
		{2B06F479-90E1-4543-9696-47D75B1DFB4B}.Debug|Any CPU.Build.0 = Debug|iPhoneSimulator
		{2B06F479-90E1-4543-9696-47D75B1DFB4B}.Debug|iPhone.ActiveCfg = Debug|iPhone
		{2B06F479-90E1-4543-9696-47D75B1DFB4B}.Debug|iPhone.Build.0 = Debug|iPhone
		{2B06F479-90E1-4543-9696-47D75B1DFB4B}.Debug|iPhoneSimulator.ActiveCfg = Debug|iPhoneSimulator
		{2B06F479-90E1-4543-9696-47D75B1DFB4B}.Debug|iPhoneSimulator.Build.0 = Debug|iPhoneSimulator
		{2B06F479-90E1-4543-9696-47D75B1DFB4B}.Release|Any CPU.ActiveCfg = Release|iPhoneSimulator
		{2B06F479-90E1-4543-9696-47D75B1DFB4B}.Release|Any CPU.Build.0 = Release|iPhoneSimulator
		{2B06F479-90E1-4543-9696-47D75B1DFB4B}.Release|iPhone.ActiveCfg = Release|iPhone
		{2B06F479-90E1-4543-9696-47D75B1DFB4B}.Release|iPhone.Build.0 = Release|iPhone
		{2B06F479-90E1-4543-9696-47D75B1DFB4B}.Release|iPhoneSimulator.ActiveCfg = Release|iPhoneSimulator
		{2B06F479-90E1-4543-9696-47D75B1DFB4B}.Release|iPhoneSimulator.Build.0 = Release|iPhoneSimulator
		{481B8BA0-42C4-4165-8087-839F7A24FF3E}.Debug|Any CPU.ActiveCfg = Debug|Any CPU
		{481B8BA0-42C4-4165-8087-839F7A24FF3E}.Debug|Any CPU.Build.0 = Debug|Any CPU
		{481B8BA0-42C4-4165-8087-839F7A24FF3E}.Debug|iPhone.ActiveCfg = Debug|Any CPU
		{481B8BA0-42C4-4165-8087-839F7A24FF3E}.Debug|iPhone.Build.0 = Debug|Any CPU
		{481B8BA0-42C4-4165-8087-839F7A24FF3E}.Debug|iPhoneSimulator.ActiveCfg = Debug|Any CPU
		{481B8BA0-42C4-4165-8087-839F7A24FF3E}.Debug|iPhoneSimulator.Build.0 = Debug|Any CPU
		{481B8BA0-42C4-4165-8087-839F7A24FF3E}.Release|Any CPU.ActiveCfg = Release|Any CPU
		{481B8BA0-42C4-4165-8087-839F7A24FF3E}.Release|Any CPU.Build.0 = Release|Any CPU
		{481B8BA0-42C4-4165-8087-839F7A24FF3E}.Release|iPhone.ActiveCfg = Release|Any CPU
		{481B8BA0-42C4-4165-8087-839F7A24FF3E}.Release|iPhone.Build.0 = Release|Any CPU
		{481B8BA0-42C4-4165-8087-839F7A24FF3E}.Release|iPhoneSimulator.ActiveCfg = Release|Any CPU
		{481B8BA0-42C4-4165-8087-839F7A24FF3E}.Release|iPhoneSimulator.Build.0 = Release|Any CPU
	EndGlobalSection
	GlobalSection(SolutionProperties) = preSolution
		HideSolutionNode = FALSE
	EndGlobalSection
	GlobalSection(ExtensibilityGlobals) = postSolution
		SolutionGuid = {E79C9176-6C0E-46BC-A657-77B8BEEACCF3}
	EndGlobalSection
EndGlobal
