
Microsoft Visual Studio Solution File, Format Version 12.00
# Visual Studio Version 17
VisualStudioVersion = 17.4.33213.308
MinimumVisualStudioVersion = 10.0.40219.1
Project("{9A19103F-16F7-4668-BE54-9A1E7A4F7556}") = "PracticeControl.WpfClient", "PracticeControl.WpfClient\PracticeControl.WpfClient.csproj", "{BD0F22F7-8F07-4399-9150-2F7590D12DEF}"
EndProject
Project("{9A19103F-16F7-4668-BE54-9A1E7A4F7556}") = "PracticeControl.WebAPI", "..\Server\PracticeControl.WebAPI\PracticeControl.WebAPI.csproj", "{DE97125D-AB50-4B5F-A6FA-F87043570BE5}"
EndProject
Project("{FAE04EC0-301F-11D3-BF4B-00C04F79EFBC}") = "PracticeControl.XamarinClient.Android", "..\Mobile\PracticeControl.XamarinClient\PracticeControl.XamarinClient.Android\PracticeControl.XamarinClient.Android.csproj", "{091A6C84-7F91-4EE5-BD52-946582C4EEFD}"
EndProject
Project("{9A19103F-16F7-4668-BE54-9A1E7A4F7556}") = "PracticeControl.XamarinClient", "..\Mobile\PracticeControl.XamarinClient\PracticeControl.XamarinClient\PracticeControl.XamarinClient.csproj", "{95A69086-6EDC-4D30-8AD5-618E19D1BC4F}"
EndProject
Global
	GlobalSection(SolutionConfigurationPlatforms) = preSolution
		Debug|Any CPU = Debug|Any CPU
		Debug|iPhone = Debug|iPhone
		Debug|iPhoneSimulator = Debug|iPhoneSimulator
		Release|Any CPU = Release|Any CPU
		Release|iPhone = Release|iPhone
		Release|iPhoneSimulator = Release|iPhoneSimulator
	EndGlobalSection
	GlobalSection(ProjectConfigurationPlatforms) = postSolution
		{BD0F22F7-8F07-4399-9150-2F7590D12DEF}.Debug|Any CPU.ActiveCfg = Debug|Any CPU
		{BD0F22F7-8F07-4399-9150-2F7590D12DEF}.Debug|Any CPU.Build.0 = Debug|Any CPU
		{BD0F22F7-8F07-4399-9150-2F7590D12DEF}.Debug|iPhone.ActiveCfg = Debug|Any CPU
		{BD0F22F7-8F07-4399-9150-2F7590D12DEF}.Debug|iPhone.Build.0 = Debug|Any CPU
		{BD0F22F7-8F07-4399-9150-2F7590D12DEF}.Debug|iPhoneSimulator.ActiveCfg = Debug|Any CPU
		{BD0F22F7-8F07-4399-9150-2F7590D12DEF}.Debug|iPhoneSimulator.Build.0 = Debug|Any CPU
		{BD0F22F7-8F07-4399-9150-2F7590D12DEF}.Release|Any CPU.ActiveCfg = Release|Any CPU
		{BD0F22F7-8F07-4399-9150-2F7590D12DEF}.Release|Any CPU.Build.0 = Release|Any CPU
		{BD0F22F7-8F07-4399-9150-2F7590D12DEF}.Release|iPhone.ActiveCfg = Release|Any CPU
		{BD0F22F7-8F07-4399-9150-2F7590D12DEF}.Release|iPhone.Build.0 = Release|Any CPU
		{BD0F22F7-8F07-4399-9150-2F7590D12DEF}.Release|iPhoneSimulator.ActiveCfg = Release|Any CPU
		{BD0F22F7-8F07-4399-9150-2F7590D12DEF}.Release|iPhoneSimulator.Build.0 = Release|Any CPU
		{DE97125D-AB50-4B5F-A6FA-F87043570BE5}.Debug|Any CPU.ActiveCfg = Debug|Any CPU
		{DE97125D-AB50-4B5F-A6FA-F87043570BE5}.Debug|Any CPU.Build.0 = Debug|Any CPU
		{DE97125D-AB50-4B5F-A6FA-F87043570BE5}.Debug|iPhone.ActiveCfg = Debug|Any CPU
		{DE97125D-AB50-4B5F-A6FA-F87043570BE5}.Debug|iPhone.Build.0 = Debug|Any CPU
		{DE97125D-AB50-4B5F-A6FA-F87043570BE5}.Debug|iPhoneSimulator.ActiveCfg = Debug|Any CPU
		{DE97125D-AB50-4B5F-A6FA-F87043570BE5}.Debug|iPhoneSimulator.Build.0 = Debug|Any CPU
		{DE97125D-AB50-4B5F-A6FA-F87043570BE5}.Release|Any CPU.ActiveCfg = Release|Any CPU
		{DE97125D-AB50-4B5F-A6FA-F87043570BE5}.Release|Any CPU.Build.0 = Release|Any CPU
		{DE97125D-AB50-4B5F-A6FA-F87043570BE5}.Release|iPhone.ActiveCfg = Release|Any CPU
		{DE97125D-AB50-4B5F-A6FA-F87043570BE5}.Release|iPhone.Build.0 = Release|Any CPU
		{DE97125D-AB50-4B5F-A6FA-F87043570BE5}.Release|iPhoneSimulator.ActiveCfg = Release|Any CPU
		{DE97125D-AB50-4B5F-A6FA-F87043570BE5}.Release|iPhoneSimulator.Build.0 = Release|Any CPU
		{091A6C84-7F91-4EE5-BD52-946582C4EEFD}.Debug|Any CPU.ActiveCfg = Debug|Any CPU
		{091A6C84-7F91-4EE5-BD52-946582C4EEFD}.Debug|Any CPU.Build.0 = Debug|Any CPU
		{091A6C84-7F91-4EE5-BD52-946582C4EEFD}.Debug|Any CPU.Deploy.0 = Debug|Any CPU
		{091A6C84-7F91-4EE5-BD52-946582C4EEFD}.Debug|iPhone.ActiveCfg = Debug|Any CPU
		{091A6C84-7F91-4EE5-BD52-946582C4EEFD}.Debug|iPhone.Build.0 = Debug|Any CPU
		{091A6C84-7F91-4EE5-BD52-946582C4EEFD}.Debug|iPhone.Deploy.0 = Debug|Any CPU
		{091A6C84-7F91-4EE5-BD52-946582C4EEFD}.Debug|iPhoneSimulator.ActiveCfg = Debug|Any CPU
		{091A6C84-7F91-4EE5-BD52-946582C4EEFD}.Debug|iPhoneSimulator.Build.0 = Debug|Any CPU
		{091A6C84-7F91-4EE5-BD52-946582C4EEFD}.Debug|iPhoneSimulator.Deploy.0 = Debug|Any CPU
		{091A6C84-7F91-4EE5-BD52-946582C4EEFD}.Release|Any CPU.ActiveCfg = Release|Any CPU
		{091A6C84-7F91-4EE5-BD52-946582C4EEFD}.Release|Any CPU.Build.0 = Release|Any CPU
		{091A6C84-7F91-4EE5-BD52-946582C4EEFD}.Release|Any CPU.Deploy.0 = Release|Any CPU
		{091A6C84-7F91-4EE5-BD52-946582C4EEFD}.Release|iPhone.ActiveCfg = Release|Any CPU
		{091A6C84-7F91-4EE5-BD52-946582C4EEFD}.Release|iPhone.Build.0 = Release|Any CPU
		{091A6C84-7F91-4EE5-BD52-946582C4EEFD}.Release|iPhone.Deploy.0 = Release|Any CPU
		{091A6C84-7F91-4EE5-BD52-946582C4EEFD}.Release|iPhoneSimulator.ActiveCfg = Release|Any CPU
		{091A6C84-7F91-4EE5-BD52-946582C4EEFD}.Release|iPhoneSimulator.Build.0 = Release|Any CPU
		{091A6C84-7F91-4EE5-BD52-946582C4EEFD}.Release|iPhoneSimulator.Deploy.0 = Release|Any CPU
		{95A69086-6EDC-4D30-8AD5-618E19D1BC4F}.Debug|Any CPU.ActiveCfg = Debug|Any CPU
		{95A69086-6EDC-4D30-8AD5-618E19D1BC4F}.Debug|Any CPU.Build.0 = Debug|Any CPU
		{95A69086-6EDC-4D30-8AD5-618E19D1BC4F}.Debug|iPhone.ActiveCfg = Debug|Any CPU
		{95A69086-6EDC-4D30-8AD5-618E19D1BC4F}.Debug|iPhone.Build.0 = Debug|Any CPU
		{95A69086-6EDC-4D30-8AD5-618E19D1BC4F}.Debug|iPhoneSimulator.ActiveCfg = Debug|Any CPU
		{95A69086-6EDC-4D30-8AD5-618E19D1BC4F}.Debug|iPhoneSimulator.Build.0 = Debug|Any CPU
		{95A69086-6EDC-4D30-8AD5-618E19D1BC4F}.Release|Any CPU.ActiveCfg = Release|Any CPU
		{95A69086-6EDC-4D30-8AD5-618E19D1BC4F}.Release|Any CPU.Build.0 = Release|Any CPU
		{95A69086-6EDC-4D30-8AD5-618E19D1BC4F}.Release|iPhone.ActiveCfg = Release|Any CPU
		{95A69086-6EDC-4D30-8AD5-618E19D1BC4F}.Release|iPhone.Build.0 = Release|Any CPU
		{95A69086-6EDC-4D30-8AD5-618E19D1BC4F}.Release|iPhoneSimulator.ActiveCfg = Release|Any CPU
		{95A69086-6EDC-4D30-8AD5-618E19D1BC4F}.Release|iPhoneSimulator.Build.0 = Release|Any CPU
	EndGlobalSection
	GlobalSection(SolutionProperties) = preSolution
		HideSolutionNode = FALSE
	EndGlobalSection
	GlobalSection(ExtensibilityGlobals) = postSolution
		SolutionGuid = {E79C9176-6C0E-46BC-A657-77B8BEEACCF3}
	EndGlobalSection
EndGlobal
